// !$*UTF8*$!
{
	archiveVersion = 1;
	classes = {
	};
	objectVersion = 55;
	objects = {

/* Begin PBXBuildFile section */
		B02F6DFE281FE2B0006D973D /* PlayingCardView.swift in Sources */ = {isa = PBXBuildFile; fileRef = B02F6DFD281FE2B0006D973D /* PlayingCardView.swift */; };
		B02F6E0228212AA4006D973D /* Grid.swift in Sources */ = {isa = PBXBuildFile; fileRef = B02F6E0128212AA4006D973D /* Grid.swift */; };
		B02F6E4B282BAB96006D973D /* Deck.swift in Sources */ = {isa = PBXBuildFile; fileRef = B02F6E4A282BAB96006D973D /* Deck.swift */; };
		B0528F902830E6CE00C96072 /* Animations.swift in Sources */ = {isa = PBXBuildFile; fileRef = B0528F8F2830E6CE00C96072 /* Animations.swift */; };
		B0528F922830E73800C96072 /* Assets.xcassets in Resources */ = {isa = PBXBuildFile; fileRef = B0528F912830E73800C96072 /* Assets.xcassets */; };
		B0528F94283143A200C96072 /* CardBehavior.swift in Sources */ = {isa = PBXBuildFile; fileRef = B0528F93283143A200C96072 /* CardBehavior.swift */; };
		B0528F9628325DA200C96072 /* Constant.swift in Sources */ = {isa = PBXBuildFile; fileRef = B0528F9528325DA200C96072 /* Constant.swift */; };
		B0528F9B28328D5300C96072 /* ConcentrationViewController.swift in Sources */ = {isa = PBXBuildFile; fileRef = B0528F9728328D5200C96072 /* ConcentrationViewController.swift */; };
		B0528F9C28328D5300C96072 /* Theme.swift in Sources */ = {isa = PBXBuildFile; fileRef = B0528F9828328D5300C96072 /* Theme.swift */; };
		B0528F9D28328D5300C96072 /* EmojiCard.swift in Sources */ = {isa = PBXBuildFile; fileRef = B0528F9928328D5300C96072 /* EmojiCard.swift */; };
		B0528F9E28328D5300C96072 /* ConcentrationDemo.swift in Sources */ = {isa = PBXBuildFile; fileRef = B0528F9A28328D5300C96072 /* ConcentrationDemo.swift */; };
		B0528FA0283296A100C96072 /* ConcentrationFirstPage.swift in Sources */ = {isa = PBXBuildFile; fileRef = B0528F9F283296A100C96072 /* ConcentrationFirstPage.swift */; };
		B092940C28103D9A0008D1DD /* AppDelegate.swift in Sources */ = {isa = PBXBuildFile; fileRef = B092940B28103D9A0008D1DD /* AppDelegate.swift */; };
		B092940E28103D9A0008D1DD /* SceneDelegate.swift in Sources */ = {isa = PBXBuildFile; fileRef = B092940D28103D9A0008D1DD /* SceneDelegate.swift */; };
		B092941028103D9A0008D1DD /* SetViewController.swift in Sources */ = {isa = PBXBuildFile; fileRef = B092940F28103D9A0008D1DD /* SetViewController.swift */; };
		B092941328103D9A0008D1DD /* Main.storyboard in Resources */ = {isa = PBXBuildFile; fileRef = B092941128103D9A0008D1DD /* Main.storyboard */; };
		B092941828103DB00008D1DD /* LaunchScreen.storyboard in Resources */ = {isa = PBXBuildFile; fileRef = B092941628103DB00008D1DD /* LaunchScreen.storyboard */; };
		B0929421281577240008D1DD /* SetDemo.swift in Sources */ = {isa = PBXBuildFile; fileRef = B0929420281577240008D1DD /* SetDemo.swift */; };
		B09294232815774A0008D1DD /* Card.swift in Sources */ = {isa = PBXBuildFile; fileRef = B09294222815774A0008D1DD /* Card.swift */; };
/* End PBXBuildFile section */

/* Begin PBXFileReference section */
		B02F6DFD281FE2B0006D973D /* PlayingCardView.swift */ = {isa = PBXFileReference; lastKnownFileType = sourcecode.swift; path = PlayingCardView.swift; sourceTree = "<group>"; };
		B02F6E0128212AA4006D973D /* Grid.swift */ = {isa = PBXFileReference; fileEncoding = 4; lastKnownFileType = sourcecode.swift; path = Grid.swift; sourceTree = "<group>"; };
		B02F6E4A282BAB96006D973D /* Deck.swift */ = {isa = PBXFileReference; lastKnownFileType = sourcecode.swift; path = Deck.swift; sourceTree = "<group>"; };
		B0528F8F2830E6CE00C96072 /* Animations.swift */ = {isa = PBXFileReference; lastKnownFileType = sourcecode.swift; name = Animations.swift; path = ../Animations.swift; sourceTree = "<group>"; };
		B0528F912830E73800C96072 /* Assets.xcassets */ = {isa = PBXFileReference; lastKnownFileType = folder.assetcatalog; name = Assets.xcassets; path = "../../Concentration_Demo/Concentration_Demo/Supporting Files/Assets.xcassets"; sourceTree = "<group>"; };
		B0528F93283143A200C96072 /* CardBehavior.swift */ = {isa = PBXFileReference; lastKnownFileType = sourcecode.swift; path = CardBehavior.swift; sourceTree = "<group>"; };
		B0528F9528325DA200C96072 /* Constant.swift */ = {isa = PBXFileReference; lastKnownFileType = sourcecode.swift; path = Constant.swift; sourceTree = "<group>"; };
		B0528F9728328D5200C96072 /* ConcentrationViewController.swift */ = {isa = PBXFileReference; fileEncoding = 4; lastKnownFileType = sourcecode.swift; name = ConcentrationViewController.swift; path = ../../Concentration_Demo/Concentration_Demo/ConcentrationViewController.swift; sourceTree = "<group>"; };
		B0528F9828328D5300C96072 /* Theme.swift */ = {isa = PBXFileReference; fileEncoding = 4; lastKnownFileType = sourcecode.swift; path = Theme.swift; sourceTree = "<group>"; };
		B0528F9928328D5300C96072 /* EmojiCard.swift */ = {isa = PBXFileReference; fileEncoding = 4; lastKnownFileType = sourcecode.swift; name = EmojiCard.swift; path = ../../Concentration_Demo/Concentration_Demo/EmojiCard.swift; sourceTree = "<group>"; };
		B0528F9A28328D5300C96072 /* ConcentrationDemo.swift */ = {isa = PBXFileReference; fileEncoding = 4; lastKnownFileType = sourcecode.swift; path = ConcentrationDemo.swift; sourceTree = "<group>"; };
		B0528F9F283296A100C96072 /* ConcentrationFirstPage.swift */ = {isa = PBXFileReference; lastKnownFileType = sourcecode.swift; path = ConcentrationFirstPage.swift; sourceTree = "<group>"; };
		B092940828103D9A0008D1DD /* Set_Demo.app */ = {isa = PBXFileReference; explicitFileType = wrapper.application; includeInIndex = 0; path = Set_Demo.app; sourceTree = BUILT_PRODUCTS_DIR; };
		B092940B28103D9A0008D1DD /* AppDelegate.swift */ = {isa = PBXFileReference; lastKnownFileType = sourcecode.swift; path = AppDelegate.swift; sourceTree = "<group>"; };
		B092940D28103D9A0008D1DD /* SceneDelegate.swift */ = {isa = PBXFileReference; lastKnownFileType = sourcecode.swift; path = SceneDelegate.swift; sourceTree = "<group>"; };
		B092940F28103D9A0008D1DD /* SetViewController.swift */ = {isa = PBXFileReference; lastKnownFileType = sourcecode.swift; path = SetViewController.swift; sourceTree = "<group>"; };
		B092941228103D9A0008D1DD /* Base */ = {isa = PBXFileReference; lastKnownFileType = file.storyboard; name = Base; path = Base.lproj/Main.storyboard; sourceTree = "<group>"; };
		B092941728103DB00008D1DD /* Base */ = {isa = PBXFileReference; lastKnownFileType = file.storyboard; name = Base; path = Base.lproj/LaunchScreen.storyboard; sourceTree = "<group>"; };
		B092941928103DB00008D1DD /* Info.plist */ = {isa = PBXFileReference; lastKnownFileType = text.plist.xml; path = Info.plist; sourceTree = "<group>"; };
		B0929420281577240008D1DD /* SetDemo.swift */ = {isa = PBXFileReference; lastKnownFileType = sourcecode.swift; path = SetDemo.swift; sourceTree = "<group>"; };
		B09294222815774A0008D1DD /* Card.swift */ = {isa = PBXFileReference; lastKnownFileType = sourcecode.swift; path = Card.swift; sourceTree = "<group>"; };
/* End PBXFileReference section */

/* Begin PBXFrameworksBuildPhase section */
		B092940528103D9A0008D1DD /* Frameworks */ = {
			isa = PBXFrameworksBuildPhase;
			buildActionMask = 2147483647;
			files = (
			);
			runOnlyForDeploymentPostprocessing = 0;
		};
/* End PBXFrameworksBuildPhase section */

/* Begin PBXGroup section */
		B09293FF28103D9A0008D1DD = {
			isa = PBXGroup;
			children = (
				B092940A28103D9A0008D1DD /* Set_Demo */,
				B092940928103D9A0008D1DD /* Products */,
			);
			sourceTree = "<group>";
		};
		B092940928103D9A0008D1DD /* Products */ = {
			isa = PBXGroup;
			children = (
				B092940828103D9A0008D1DD /* Set_Demo.app */,
			);
			name = Products;
			sourceTree = "<group>";
		};
		B092940A28103D9A0008D1DD /* Set_Demo */ = {
			isa = PBXGroup;
			children = (
				B092941128103D9A0008D1DD /* Main.storyboard */,
				B0528F9F283296A100C96072 /* ConcentrationFirstPage.swift */,
				B092940F28103D9A0008D1DD /* SetViewController.swift */,
				B0528F9728328D5200C96072 /* ConcentrationViewController.swift */,
				B0929420281577240008D1DD /* SetDemo.swift */,
				B0528F9A28328D5300C96072 /* ConcentrationDemo.swift */,
				B0528F9528325DA200C96072 /* Constant.swift */,
				B0528F9828328D5300C96072 /* Theme.swift */,
				B0528F9928328D5300C96072 /* EmojiCard.swift */,
				B09294222815774A0008D1DD /* Card.swift */,
				B02F6E4A282BAB96006D973D /* Deck.swift */,
				B0528F93283143A200C96072 /* CardBehavior.swift */,
				B02F6DFD281FE2B0006D973D /* PlayingCardView.swift */,
				B0528F8F2830E6CE00C96072 /* Animations.swift */,
				B02F6E0128212AA4006D973D /* Grid.swift */,
				B0528F912830E73800C96072 /* Assets.xcassets */,
				B092941928103DB00008D1DD /* Info.plist */,
				B092941F28103DDA0008D1DD /* Resources */,
			);
			path = Set_Demo;
			sourceTree = "<group>";
		};
		B092941F28103DDA0008D1DD /* Resources */ = {
			isa = PBXGroup;
			children = (
				B092940D28103D9A0008D1DD /* SceneDelegate.swift */,
				B092940B28103D9A0008D1DD /* AppDelegate.swift */,
				B092941628103DB00008D1DD /* LaunchScreen.storyboard */,
			);
			path = Resources;
			sourceTree = "<group>";
		};
/* End PBXGroup section */

/* Begin PBXNativeTarget section */
		B092940728103D9A0008D1DD /* Set_Demo */ = {
			isa = PBXNativeTarget;
			buildConfigurationList = B092941C28103DB00008D1DD /* Build configuration list for PBXNativeTarget "Set_Demo" */;
			buildPhases = (
				B092940428103D9A0008D1DD /* Sources */,
				B092940528103D9A0008D1DD /* Frameworks */,
				B092940628103D9A0008D1DD /* Resources */,
				B09294262816E90A0008D1DD /* ShellScript */,
			);
			buildRules = (
			);
			dependencies = (
			);
			name = Set_Demo;
			productName = Set_Demo;
			productReference = B092940828103D9A0008D1DD /* Set_Demo.app */;
			productType = "com.apple.product-type.application";
		};
/* End PBXNativeTarget section */

/* Begin PBXProject section */
		B092940028103D9A0008D1DD /* Project object */ = {
			isa = PBXProject;
			attributes = {
				BuildIndependentTargetsInParallel = 1;
				LastSwiftUpdateCheck = 1330;
				LastUpgradeCheck = 1330;
				TargetAttributes = {
					B092940728103D9A0008D1DD = {
						CreatedOnToolsVersion = 13.3.1;
					};
				};
			};
			buildConfigurationList = B092940328103D9A0008D1DD /* Build configuration list for PBXProject "Set_Demo" */;
			compatibilityVersion = "Xcode 13.0";
			developmentRegion = en;
			hasScannedForEncodings = 0;
			knownRegions = (
				en,
				Base,
			);
			mainGroup = B09293FF28103D9A0008D1DD;
			productRefGroup = B092940928103D9A0008D1DD /* Products */;
			projectDirPath = "";
			projectRoot = "";
			targets = (
				B092940728103D9A0008D1DD /* Set_Demo */,
			);
		};
/* End PBXProject section */

/* Begin PBXResourcesBuildPhase section */
		B092940628103D9A0008D1DD /* Resources */ = {
			isa = PBXResourcesBuildPhase;
			buildActionMask = 2147483647;
			files = (
				B092941828103DB00008D1DD /* LaunchScreen.storyboard in Resources */,
				B0528F922830E73800C96072 /* Assets.xcassets in Resources */,
				B092941328103D9A0008D1DD /* Main.storyboard in Resources */,
			);
			runOnlyForDeploymentPostprocessing = 0;
		};
/* End PBXResourcesBuildPhase section */

/* Begin PBXShellScriptBuildPhase section */
		B09294262816E90A0008D1DD /* ShellScript */ = {
			isa = PBXShellScriptBuildPhase;
			buildActionMask = 2147483647;
			files = (
			);
			inputFileListPaths = (
			);
			inputPaths = (
			);
			outputFileListPaths = (
			);
			outputPaths = (
			);
			runOnlyForDeploymentPostprocessing = 0;
			shellPath = /bin/sh;
			shellScript = "# Type a script or drag a script file from your workspace to insert its path.\nbash\nif which swiftlint >/dev/null; then\n    swiftlint lint --strict\nelse\n    echo \"warning: SwiftLint not installed, download from https://github.com/realm/SwiftLint\"\n    exit 1\nfi\n\n";
		};
/* End PBXShellScriptBuildPhase section */

/* Begin PBXSourcesBuildPhase section */
		B092940428103D9A0008D1DD /* Sources */ = {
			isa = PBXSourcesBuildPhase;
			buildActionMask = 2147483647;
			files = (
				B0929421281577240008D1DD /* SetDemo.swift in Sources */,
				B0528F9628325DA200C96072 /* Constant.swift in Sources */,
				B02F6DFE281FE2B0006D973D /* PlayingCardView.swift in Sources */,
				B0528FA0283296A100C96072 /* ConcentrationFirstPage.swift in Sources */,
				B092941028103D9A0008D1DD /* SetViewController.swift in Sources */,
				B0528F9C28328D5300C96072 /* Theme.swift in Sources */,
				B0528F94283143A200C96072 /* CardBehavior.swift in Sources */,
				B09294232815774A0008D1DD /* Card.swift in Sources */,
				B0528F9B28328D5300C96072 /* ConcentrationViewController.swift in Sources */,
				B02F6E4B282BAB96006D973D /* Deck.swift in Sources */,
				B0528F9D28328D5300C96072 /* EmojiCard.swift in Sources */,
				B0528F902830E6CE00C96072 /* Animations.swift in Sources */,
				B092940C28103D9A0008D1DD /* AppDelegate.swift in Sources */,
				B0528F9E28328D5300C96072 /* ConcentrationDemo.swift in Sources */,
				B02F6E0228212AA4006D973D /* Grid.swift in Sources */,
				B092940E28103D9A0008D1DD /* SceneDelegate.swift in Sources */,
			);
			runOnlyForDeploymentPostprocessing = 0;
		};
/* End PBXSourcesBuildPhase section */

/* Begin PBXVariantGroup section */
		B092941128103D9A0008D1DD /* Main.storyboard */ = {
			isa = PBXVariantGroup;
			children = (
				B092941228103D9A0008D1DD /* Base */,
			);
			name = Main.storyboard;
			sourceTree = "<group>";
		};
		B092941628103DB00008D1DD /* LaunchScreen.storyboard */ = {
			isa = PBXVariantGroup;
			children = (
				B092941728103DB00008D1DD /* Base */,
			);
			name = LaunchScreen.storyboard;
			sourceTree = "<group>";
		};
/* End PBXVariantGroup section */

/* Begin XCBuildConfiguration section */
		B092941A28103DB00008D1DD /* Debug */ = {
			isa = XCBuildConfiguration;
			buildSettings = {
				ALWAYS_SEARCH_USER_PATHS = NO;
				CLANG_ANALYZER_NONNULL = YES;
				CLANG_ANALYZER_NUMBER_OBJECT_CONVERSION = YES_AGGRESSIVE;
				CLANG_CXX_LANGUAGE_STANDARD = "gnu++17";
				CLANG_ENABLE_MODULES = YES;
				CLANG_ENABLE_OBJC_ARC = YES;
				CLANG_ENABLE_OBJC_WEAK = YES;
				CLANG_WARN_BLOCK_CAPTURE_AUTORELEASING = YES;
				CLANG_WARN_BOOL_CONVERSION = YES;
				CLANG_WARN_COMMA = YES;
				CLANG_WARN_CONSTANT_CONVERSION = YES;
				CLANG_WARN_DEPRECATED_OBJC_IMPLEMENTATIONS = YES;
				CLANG_WARN_DIRECT_OBJC_ISA_USAGE = YES_ERROR;
				CLANG_WARN_DOCUMENTATION_COMMENTS = YES;
				CLANG_WARN_EMPTY_BODY = YES;
				CLANG_WARN_ENUM_CONVERSION = YES;
				CLANG_WARN_INFINITE_RECURSION = YES;
				CLANG_WARN_INT_CONVERSION = YES;
				CLANG_WARN_NON_LITERAL_NULL_CONVERSION = YES;
				CLANG_WARN_OBJC_IMPLICIT_RETAIN_SELF = YES;
				CLANG_WARN_OBJC_LITERAL_CONVERSION = YES;
				CLANG_WARN_OBJC_ROOT_CLASS = YES_ERROR;
				CLANG_WARN_QUOTED_INCLUDE_IN_FRAMEWORK_HEADER = YES;
				CLANG_WARN_RANGE_LOOP_ANALYSIS = YES;
				CLANG_WARN_STRICT_PROTOTYPES = YES;
				CLANG_WARN_SUSPICIOUS_MOVE = YES;
				CLANG_WARN_UNGUARDED_AVAILABILITY = YES_AGGRESSIVE;
				CLANG_WARN_UNREACHABLE_CODE = YES;
				CLANG_WARN__DUPLICATE_METHOD_MATCH = YES;
				COPY_PHASE_STRIP = NO;
				DEBUG_INFORMATION_FORMAT = dwarf;
				ENABLE_STRICT_OBJC_MSGSEND = YES;
				ENABLE_TESTABILITY = YES;
				GCC_C_LANGUAGE_STANDARD = gnu11;
				GCC_DYNAMIC_NO_PIC = NO;
				GCC_NO_COMMON_BLOCKS = YES;
				GCC_OPTIMIZATION_LEVEL = 0;
				GCC_PREPROCESSOR_DEFINITIONS = (
					"DEBUG=1",
					"$(inherited)",
				);
				GCC_WARN_64_TO_32_BIT_CONVERSION = YES;
				GCC_WARN_ABOUT_RETURN_TYPE = YES_ERROR;
				GCC_WARN_UNDECLARED_SELECTOR = YES;
				GCC_WARN_UNINITIALIZED_AUTOS = YES_AGGRESSIVE;
				GCC_WARN_UNUSED_FUNCTION = YES;
				GCC_WARN_UNUSED_VARIABLE = YES;
				IPHONEOS_DEPLOYMENT_TARGET = 15.4;
				MTL_ENABLE_DEBUG_INFO = INCLUDE_SOURCE;
				MTL_FAST_MATH = YES;
				ONLY_ACTIVE_ARCH = YES;
				SDKROOT = iphoneos;
				SWIFT_ACTIVE_COMPILATION_CONDITIONS = DEBUG;
				SWIFT_OPTIMIZATION_LEVEL = "-Onone";
			};
			name = Debug;
		};
		B092941B28103DB00008D1DD /* Release */ = {
			isa = XCBuildConfiguration;
			buildSettings = {
				ALWAYS_SEARCH_USER_PATHS = NO;
				CLANG_ANALYZER_NONNULL = YES;
				CLANG_ANALYZER_NUMBER_OBJECT_CONVERSION = YES_AGGRESSIVE;
				CLANG_CXX_LANGUAGE_STANDARD = "gnu++17";
				CLANG_ENABLE_MODULES = YES;
				CLANG_ENABLE_OBJC_ARC = YES;
				CLANG_ENABLE_OBJC_WEAK = YES;
				CLANG_WARN_BLOCK_CAPTURE_AUTORELEASING = YES;
				CLANG_WARN_BOOL_CONVERSION = YES;
				CLANG_WARN_COMMA = YES;
				CLANG_WARN_CONSTANT_CONVERSION = YES;
				CLANG_WARN_DEPRECATED_OBJC_IMPLEMENTATIONS = YES;
				CLANG_WARN_DIRECT_OBJC_ISA_USAGE = YES_ERROR;
				CLANG_WARN_DOCUMENTATION_COMMENTS = YES;
				CLANG_WARN_EMPTY_BODY = YES;
				CLANG_WARN_ENUM_CONVERSION = YES;
				CLANG_WARN_INFINITE_RECURSION = YES;
				CLANG_WARN_INT_CONVERSION = YES;
				CLANG_WARN_NON_LITERAL_NULL_CONVERSION = YES;
				CLANG_WARN_OBJC_IMPLICIT_RETAIN_SELF = YES;
				CLANG_WARN_OBJC_LITERAL_CONVERSION = YES;
				CLANG_WARN_OBJC_ROOT_CLASS = YES_ERROR;
				CLANG_WARN_QUOTED_INCLUDE_IN_FRAMEWORK_HEADER = YES;
				CLANG_WARN_RANGE_LOOP_ANALYSIS = YES;
				CLANG_WARN_STRICT_PROTOTYPES = YES;
				CLANG_WARN_SUSPICIOUS_MOVE = YES;
				CLANG_WARN_UNGUARDED_AVAILABILITY = YES_AGGRESSIVE;
				CLANG_WARN_UNREACHABLE_CODE = YES;
				CLANG_WARN__DUPLICATE_METHOD_MATCH = YES;
				COPY_PHASE_STRIP = NO;
				DEBUG_INFORMATION_FORMAT = "dwarf-with-dsym";
				ENABLE_NS_ASSERTIONS = NO;
				ENABLE_STRICT_OBJC_MSGSEND = YES;
				GCC_C_LANGUAGE_STANDARD = gnu11;
				GCC_NO_COMMON_BLOCKS = YES;
				GCC_WARN_64_TO_32_BIT_CONVERSION = YES;
				GCC_WARN_ABOUT_RETURN_TYPE = YES_ERROR;
				GCC_WARN_UNDECLARED_SELECTOR = YES;
				GCC_WARN_UNINITIALIZED_AUTOS = YES_AGGRESSIVE;
				GCC_WARN_UNUSED_FUNCTION = YES;
				GCC_WARN_UNUSED_VARIABLE = YES;
				IPHONEOS_DEPLOYMENT_TARGET = 15.4;
				MTL_ENABLE_DEBUG_INFO = NO;
				MTL_FAST_MATH = YES;
				SDKROOT = iphoneos;
				SWIFT_COMPILATION_MODE = wholemodule;
				SWIFT_OPTIMIZATION_LEVEL = "-O";
				VALIDATE_PRODUCT = YES;
			};
			name = Release;
		};
		B092941D28103DB00008D1DD /* Debug */ = {
			isa = XCBuildConfiguration;
			buildSettings = {
				ASSETCATALOG_COMPILER_APPICON_NAME = AppIcon;
				ASSETCATALOG_COMPILER_GLOBAL_ACCENT_COLOR_NAME = AccentColor;
				CODE_SIGN_STYLE = Automatic;
				CURRENT_PROJECT_VERSION = 1;
				DEVELOPMENT_TEAM = 37TW5F85CY;
				GENERATE_INFOPLIST_FILE = YES;
				INFOPLIST_FILE = Set_Demo/Info.plist;
				INFOPLIST_KEY_UIApplicationSupportsIndirectInputEvents = YES;
				INFOPLIST_KEY_UILaunchStoryboardName = LaunchScreen;
				INFOPLIST_KEY_UIMainStoryboardFile = Main;
				INFOPLIST_KEY_UISupportedInterfaceOrientations_iPad = "UIInterfaceOrientationPortrait UIInterfaceOrientationPortraitUpsideDown UIInterfaceOrientationLandscapeLeft UIInterfaceOrientationLandscapeRight";
				INFOPLIST_KEY_UISupportedInterfaceOrientations_iPhone = "UIInterfaceOrientationPortrait UIInterfaceOrientationLandscapeLeft UIInterfaceOrientationLandscapeRight";
				LD_RUNPATH_SEARCH_PATHS = (
					"$(inherited)",
					"@executable_path/Frameworks",
				);
				MARKETING_VERSION = 1.0;
				PRODUCT_BUNDLE_IDENTIFIER = "Healthy.Set-Demo";
				PRODUCT_NAME = "$(TARGET_NAME)";
				SWIFT_EMIT_LOC_STRINGS = YES;
				SWIFT_VERSION = 5.0;
				TARGETED_DEVICE_FAMILY = "1,2";
			};
			name = Debug;
		};
		B092941E28103DB00008D1DD /* Release */ = {
			isa = XCBuildConfiguration;
			buildSettings = {
				ASSETCATALOG_COMPILER_APPICON_NAME = AppIcon;
				ASSETCATALOG_COMPILER_GLOBAL_ACCENT_COLOR_NAME = AccentColor;
				CODE_SIGN_STYLE = Automatic;
				CURRENT_PROJECT_VERSION = 1;
				DEVELOPMENT_TEAM = 37TW5F85CY;
				GENERATE_INFOPLIST_FILE = YES;
				INFOPLIST_FILE = Set_Demo/Info.plist;
				INFOPLIST_KEY_UIApplicationSupportsIndirectInputEvents = YES;
				INFOPLIST_KEY_UILaunchStoryboardName = LaunchScreen;
				INFOPLIST_KEY_UIMainStoryboardFile = Main;
				INFOPLIST_KEY_UISupportedInterfaceOrientations_iPad = "UIInterfaceOrientationPortrait UIInterfaceOrientationPortraitUpsideDown UIInterfaceOrientationLandscapeLeft UIInterfaceOrientationLandscapeRight";
				INFOPLIST_KEY_UISupportedInterfaceOrientations_iPhone = "UIInterfaceOrientationPortrait UIInterfaceOrientationLandscapeLeft UIInterfaceOrientationLandscapeRight";
				LD_RUNPATH_SEARCH_PATHS = (
					"$(inherited)",
					"@executable_path/Frameworks",
				);
				MARKETING_VERSION = 1.0;
				PRODUCT_BUNDLE_IDENTIFIER = "Healthy.Set-Demo";
				PRODUCT_NAME = "$(TARGET_NAME)";
				SWIFT_EMIT_LOC_STRINGS = YES;
				SWIFT_VERSION = 5.0;
				TARGETED_DEVICE_FAMILY = "1,2";
			};
			name = Release;
		};
/* End XCBuildConfiguration section */

/* Begin XCConfigurationList section */
		B092940328103D9A0008D1DD /* Build configuration list for PBXProject "Set_Demo" */ = {
			isa = XCConfigurationList;
			buildConfigurations = (
				B092941A28103DB00008D1DD /* Debug */,
				B092941B28103DB00008D1DD /* Release */,
			);
			defaultConfigurationIsVisible = 0;
			defaultConfigurationName = Release;
		};
		B092941C28103DB00008D1DD /* Build configuration list for PBXNativeTarget "Set_Demo" */ = {
			isa = XCConfigurationList;
			buildConfigurations = (
				B092941D28103DB00008D1DD /* Debug */,
				B092941E28103DB00008D1DD /* Release */,
			);
			defaultConfigurationIsVisible = 0;
			defaultConfigurationName = Release;
		};
/* End XCConfigurationList section */
	};
	rootObject = B092940028103D9A0008D1DD /* Project object */;
}
